// !$*UTF8*$!
{
	archiveVersion = 1;
	classes = {
	};
	objectVersion = 50;
	objects = {

/* Begin PBXBuildFile section */
		4656032A24155BFB00B2C177 /* CloudKit.framework in Frameworks */ = {isa = PBXBuildFile; fileRef = 4656032924155BFB00B2C177 /* CloudKit.framework */; };
		4656032C2415DC9B00B2C177 /* User.swift in Sources */ = {isa = PBXBuildFile; fileRef = 4656032B2415DC9B00B2C177 /* User.swift */; };
		4656032E2415DDC300B2C177 /* UserStore.swift in Sources */ = {isa = PBXBuildFile; fileRef = 4656032D2415DDC300B2C177 /* UserStore.swift */; };
		46C8631B241513A500863B6A /* MYRequestController.swift in Sources */ = {isa = PBXBuildFile; fileRef = 46C8631A241513A500863B6A /* MYRequestController.swift */; };
		46C8631D2415154A00863B6A /* AppStore.swift in Sources */ = {isa = PBXBuildFile; fileRef = 46C8631C2415154A00863B6A /* AppStore.swift */; };
		46C8631F24151B8800863B6A /* AppStoreJSon.json in Resources */ = {isa = PBXBuildFile; fileRef = 46C8631E24151B8800863B6A /* AppStoreJSon.json */; };
		46C863212415217A00863B6A /* Profile.swift in Sources */ = {isa = PBXBuildFile; fileRef = 46C863202415217A00863B6A /* Profile.swift */; };
		46C86323241521EB00863B6A /* ProfileStore.swift in Sources */ = {isa = PBXBuildFile; fileRef = 46C86322241521EB00863B6A /* ProfileStore.swift */; };
		46D81EF92415335F009560A6 /* DeviceGroup.swift in Sources */ = {isa = PBXBuildFile; fileRef = 46D81EF82415335F009560A6 /* DeviceGroup.swift */; };
		46D81EFB241534E4009560A6 /* DeviceGroupStore.swift in Sources */ = {isa = PBXBuildFile; fileRef = 46D81EFA241534E4009560A6 /* DeviceGroupStore.swift */; };
		46F56BB22414994300E79382 /* AppDelegate.swift in Sources */ = {isa = PBXBuildFile; fileRef = 46F56BB12414994300E79382 /* AppDelegate.swift */; };
		46F56BB42414994300E79382 /* SceneDelegate.swift in Sources */ = {isa = PBXBuildFile; fileRef = 46F56BB32414994300E79382 /* SceneDelegate.swift */; };
		46F56BB62414994300E79382 /* ViewController.swift in Sources */ = {isa = PBXBuildFile; fileRef = 46F56BB52414994300E79382 /* ViewController.swift */; };
		46F56BB92414994300E79382 /* Main.storyboard in Resources */ = {isa = PBXBuildFile; fileRef = 46F56BB72414994300E79382 /* Main.storyboard */; };
		46F56BBB2414994400E79382 /* Assets.xcassets in Resources */ = {isa = PBXBuildFile; fileRef = 46F56BBA2414994400E79382 /* Assets.xcassets */; };
		46F56BBE2414994400E79382 /* LaunchScreen.storyboard in Resources */ = {isa = PBXBuildFile; fileRef = 46F56BBC2414994400E79382 /* LaunchScreen.storyboard */; };
		46F56BC62414996400E79382 /* App.swift in Sources */ = {isa = PBXBuildFile; fileRef = 46F56BC52414996400E79382 /* App.swift */; };
/* End PBXBuildFile section */

/* Begin PBXFileReference section */
		4656032724155BF400B2C177 /* Apps Process.entitlements */ = {isa = PBXFileReference; lastKnownFileType = text.plist.entitlements; path = "Apps Process.entitlements"; sourceTree = "<group>"; };
		4656032924155BFB00B2C177 /* CloudKit.framework */ = {isa = PBXFileReference; lastKnownFileType = wrapper.framework; name = CloudKit.framework; path = System/Library/Frameworks/CloudKit.framework; sourceTree = SDKROOT; };
		4656032B2415DC9B00B2C177 /* User.swift */ = {isa = PBXFileReference; lastKnownFileType = sourcecode.swift; path = User.swift; sourceTree = "<group>"; };
		4656032D2415DDC300B2C177 /* UserStore.swift */ = {isa = PBXFileReference; lastKnownFileType = sourcecode.swift; path = UserStore.swift; sourceTree = "<group>"; };
		46C8631A241513A500863B6A /* MYRequestController.swift */ = {isa = PBXFileReference; lastKnownFileType = sourcecode.swift; path = MYRequestController.swift; sourceTree = "<group>"; };
		46C8631C2415154A00863B6A /* AppStore.swift */ = {isa = PBXFileReference; lastKnownFileType = sourcecode.swift; path = AppStore.swift; sourceTree = "<group>"; };
		46C8631E24151B8800863B6A /* AppStoreJSon.json */ = {isa = PBXFileReference; lastKnownFileType = text.json; path = AppStoreJSon.json; sourceTree = "<group>"; };
		46C863202415217A00863B6A /* Profile.swift */ = {isa = PBXFileReference; lastKnownFileType = sourcecode.swift; path = Profile.swift; sourceTree = "<group>"; };
		46C86322241521EB00863B6A /* ProfileStore.swift */ = {isa = PBXFileReference; lastKnownFileType = sourcecode.swift; path = ProfileStore.swift; sourceTree = "<group>"; };
		46D81EF82415335F009560A6 /* DeviceGroup.swift */ = {isa = PBXFileReference; lastKnownFileType = sourcecode.swift; path = DeviceGroup.swift; sourceTree = "<group>"; };
		46D81EFA241534E4009560A6 /* DeviceGroupStore.swift */ = {isa = PBXFileReference; lastKnownFileType = sourcecode.swift; path = DeviceGroupStore.swift; sourceTree = "<group>"; };
		46F56BAE2414994300E79382 /* Apps Process.app */ = {isa = PBXFileReference; explicitFileType = wrapper.application; includeInIndex = 0; path = "Apps Process.app"; sourceTree = BUILT_PRODUCTS_DIR; };
		46F56BB12414994300E79382 /* AppDelegate.swift */ = {isa = PBXFileReference; lastKnownFileType = sourcecode.swift; path = AppDelegate.swift; sourceTree = "<group>"; };
		46F56BB32414994300E79382 /* SceneDelegate.swift */ = {isa = PBXFileReference; lastKnownFileType = sourcecode.swift; path = SceneDelegate.swift; sourceTree = "<group>"; };
		46F56BB52414994300E79382 /* ViewController.swift */ = {isa = PBXFileReference; lastKnownFileType = sourcecode.swift; path = ViewController.swift; sourceTree = "<group>"; };
		46F56BB82414994300E79382 /* Base */ = {isa = PBXFileReference; lastKnownFileType = file.storyboard; name = Base; path = Base.lproj/Main.storyboard; sourceTree = "<group>"; };
		46F56BBA2414994400E79382 /* Assets.xcassets */ = {isa = PBXFileReference; lastKnownFileType = folder.assetcatalog; path = Assets.xcassets; sourceTree = "<group>"; };
		46F56BBD2414994400E79382 /* Base */ = {isa = PBXFileReference; lastKnownFileType = file.storyboard; name = Base; path = Base.lproj/LaunchScreen.storyboard; sourceTree = "<group>"; };
		46F56BBF2414994400E79382 /* Info.plist */ = {isa = PBXFileReference; lastKnownFileType = text.plist.xml; path = Info.plist; sourceTree = "<group>"; };
		46F56BC52414996400E79382 /* App.swift */ = {isa = PBXFileReference; lastKnownFileType = sourcecode.swift; path = App.swift; sourceTree = "<group>"; };
/* End PBXFileReference section */

/* Begin PBXFrameworksBuildPhase section */
		46F56BAB2414994300E79382 /* Frameworks */ = {
			isa = PBXFrameworksBuildPhase;
			buildActionMask = 2147483647;
			files = (
				4656032A24155BFB00B2C177 /* CloudKit.framework in Frameworks */,
			);
			runOnlyForDeploymentPostprocessing = 0;
		};
/* End PBXFrameworksBuildPhase section */

/* Begin PBXGroup section */
		4656032824155BFB00B2C177 /* Frameworks */ = {
			isa = PBXGroup;
			children = (
				4656032924155BFB00B2C177 /* CloudKit.framework */,
			);
			name = Frameworks;
			sourceTree = "<group>";
		};
		46D81EF724153255009560A6 /* Models */ = {
			isa = PBXGroup;
			children = (
				46C863202415217A00863B6A /* Profile.swift */,
				46F56BC52414996400E79382 /* App.swift */,
				46C86322241521EB00863B6A /* ProfileStore.swift */,
				46C8631C2415154A00863B6A /* AppStore.swift */,
				46D81EFA241534E4009560A6 /* DeviceGroupStore.swift */,
				4656032D2415DDC300B2C177 /* UserStore.swift */,
				4656032B2415DC9B00B2C177 /* User.swift */,
				46D81EF82415335F009560A6 /* DeviceGroup.swift */,
			);
			path = Models;
			sourceTree = "<group>";
		};
		46F56BA52414994300E79382 = {
			isa = PBXGroup;
			children = (
				46F56BB02414994300E79382 /* Apps Process */,
				46F56BAF2414994300E79382 /* Products */,
				4656032824155BFB00B2C177 /* Frameworks */,
			);
			sourceTree = "<group>";
		};
		46F56BAF2414994300E79382 /* Products */ = {
			isa = PBXGroup;
			children = (
				46F56BAE2414994300E79382 /* Apps Process.app */,
			);
			name = Products;
			sourceTree = "<group>";
		};
		46F56BB02414994300E79382 /* Apps Process */ = {
			isa = PBXGroup;
			children = (
				4656032724155BF400B2C177 /* Apps Process.entitlements */,
				46F56BB12414994300E79382 /* AppDelegate.swift */,
				46F56BB32414994300E79382 /* SceneDelegate.swift */,
				46F56BB52414994300E79382 /* ViewController.swift */,
				46C8631A241513A500863B6A /* MYRequestController.swift */,
				46D81EF724153255009560A6 /* Models */,
				46F56BB72414994300E79382 /* Main.storyboard */,
				46F56BBA2414994400E79382 /* Assets.xcassets */,
				46F56BBC2414994400E79382 /* LaunchScreen.storyboard */,
				46F56BBF2414994400E79382 /* Info.plist */,
				46C8631E24151B8800863B6A /* AppStoreJSon.json */,
			);
			path = "Apps Process";
			sourceTree = "<group>";
		};
/* End PBXGroup section */

/* Begin PBXNativeTarget section */
		46F56BAD2414994300E79382 /* Apps Process */ = {
			isa = PBXNativeTarget;
			buildConfigurationList = 46F56BC22414994400E79382 /* Build configuration list for PBXNativeTarget "Apps Process" */;
			buildPhases = (
				46F56BAA2414994300E79382 /* Sources */,
				46F56BAB2414994300E79382 /* Frameworks */,
				46F56BAC2414994300E79382 /* Resources */,
			);
			buildRules = (
			);
			dependencies = (
			);
			name = "Apps Process";
			productName = "Apps Process";
			productReference = 46F56BAE2414994300E79382 /* Apps Process.app */;
			productType = "com.apple.product-type.application";
		};
/* End PBXNativeTarget section */

/* Begin PBXProject section */
		46F56BA62414994300E79382 /* Project object */ = {
			isa = PBXProject;
			attributes = {
				LastSwiftUpdateCheck = 1130;
				LastUpgradeCheck = 1130;
				ORGANIZATIONNAME = DevelopItSolutions;
				TargetAttributes = {
					46F56BAD2414994300E79382 = {
						CreatedOnToolsVersion = 11.3.1;
					};
				};
			};
			buildConfigurationList = 46F56BA92414994300E79382 /* Build configuration list for PBXProject "Apps Process" */;
			compatibilityVersion = "Xcode 9.3";
			developmentRegion = en;
			hasScannedForEncodings = 0;
			knownRegions = (
				en,
				Base,
			);
			mainGroup = 46F56BA52414994300E79382;
			productRefGroup = 46F56BAF2414994300E79382 /* Products */;
			projectDirPath = "";
			projectRoot = "";
			targets = (
				46F56BAD2414994300E79382 /* Apps Process */,
			);
		};
/* End PBXProject section */

/* Begin PBXResourcesBuildPhase section */
		46F56BAC2414994300E79382 /* Resources */ = {
			isa = PBXResourcesBuildPhase;
			buildActionMask = 2147483647;
			files = (
				46F56BBE2414994400E79382 /* LaunchScreen.storyboard in Resources */,
				46C8631F24151B8800863B6A /* AppStoreJSon.json in Resources */,
				46F56BBB2414994400E79382 /* Assets.xcassets in Resources */,
				46F56BB92414994300E79382 /* Main.storyboard in Resources */,
			);
			runOnlyForDeploymentPostprocessing = 0;
		};
/* End PBXResourcesBuildPhase section */

/* Begin PBXSourcesBuildPhase section */
		46F56BAA2414994300E79382 /* Sources */ = {
			isa = PBXSourcesBuildPhase;
			buildActionMask = 2147483647;
			files = (
				46F56BB62414994300E79382 /* ViewController.swift in Sources */,
				46F56BC62414996400E79382 /* App.swift in Sources */,
				46F56BB22414994300E79382 /* AppDelegate.swift in Sources */,
				4656032C2415DC9B00B2C177 /* User.swift in Sources */,
				46C86323241521EB00863B6A /* ProfileStore.swift in Sources */,
				46D81EF92415335F009560A6 /* DeviceGroup.swift in Sources */,
				4656032E2415DDC300B2C177 /* UserStore.swift in Sources */,
				46C863212415217A00863B6A /* Profile.swift in Sources */,
				46C8631D2415154A00863B6A /* AppStore.swift in Sources */,
				46D81EFB241534E4009560A6 /* DeviceGroupStore.swift in Sources */,
				46C8631B241513A500863B6A /* MYRequestController.swift in Sources */,
				46F56BB42414994300E79382 /* SceneDelegate.swift in Sources */,
			);
			runOnlyForDeploymentPostprocessing = 0;
		};
/* End PBXSourcesBuildPhase section */

/* Begin PBXVariantGroup section */
		46F56BB72414994300E79382 /* Main.storyboard */ = {
			isa = PBXVariantGroup;
			children = (
				46F56BB82414994300E79382 /* Base */,
			);
			name = Main.storyboard;
			sourceTree = "<group>";
		};
		46F56BBC2414994400E79382 /* LaunchScreen.storyboard */ = {
			isa = PBXVariantGroup;
			children = (
				46F56BBD2414994400E79382 /* Base */,
			);
			name = LaunchScreen.storyboard;
			sourceTree = "<group>";
		};
/* End PBXVariantGroup section */

/* Begin XCBuildConfiguration section */
		46F56BC02414994400E79382 /* Debug */ = {
			isa = XCBuildConfiguration;
			buildSettings = {
				ALWAYS_SEARCH_USER_PATHS = NO;
				CLANG_ANALYZER_NONNULL = YES;
				CLANG_ANALYZER_NUMBER_OBJECT_CONVERSION = YES_AGGRESSIVE;
				CLANG_CXX_LANGUAGE_STANDARD = "gnu++14";
				CLANG_CXX_LIBRARY = "libc++";
				CLANG_ENABLE_MODULES = YES;
				CLANG_ENABLE_OBJC_ARC = YES;
				CLANG_ENABLE_OBJC_WEAK = YES;
				CLANG_WARN_BLOCK_CAPTURE_AUTORELEASING = YES;
				CLANG_WARN_BOOL_CONVERSION = YES;
				CLANG_WARN_COMMA = YES;
				CLANG_WARN_CONSTANT_CONVERSION = YES;
				CLANG_WARN_DEPRECATED_OBJC_IMPLEMENTATIONS = YES;
				CLANG_WARN_DIRECT_OBJC_ISA_USAGE = YES_ERROR;
				CLANG_WARN_DOCUMENTATION_COMMENTS = YES;
				CLANG_WARN_EMPTY_BODY = YES;
				CLANG_WARN_ENUM_CONVERSION = YES;
				CLANG_WARN_INFINITE_RECURSION = YES;
				CLANG_WARN_INT_CONVERSION = YES;
				CLANG_WARN_NON_LITERAL_NULL_CONVERSION = YES;
				CLANG_WARN_OBJC_IMPLICIT_RETAIN_SELF = YES;
				CLANG_WARN_OBJC_LITERAL_CONVERSION = YES;
				CLANG_WARN_OBJC_ROOT_CLASS = YES_ERROR;
				CLANG_WARN_RANGE_LOOP_ANALYSIS = YES;
				CLANG_WARN_STRICT_PROTOTYPES = YES;
				CLANG_WARN_SUSPICIOUS_MOVE = YES;
				CLANG_WARN_UNGUARDED_AVAILABILITY = YES_AGGRESSIVE;
				CLANG_WARN_UNREACHABLE_CODE = YES;
				CLANG_WARN__DUPLICATE_METHOD_MATCH = YES;
				COPY_PHASE_STRIP = NO;
				DEBUG_INFORMATION_FORMAT = dwarf;
				ENABLE_STRICT_OBJC_MSGSEND = YES;
				ENABLE_TESTABILITY = YES;
				GCC_C_LANGUAGE_STANDARD = gnu11;
				GCC_DYNAMIC_NO_PIC = NO;
				GCC_NO_COMMON_BLOCKS = YES;
				GCC_OPTIMIZATION_LEVEL = 0;
				GCC_PREPROCESSOR_DEFINITIONS = (
					"DEBUG=1",
					"$(inherited)",
				);
				GCC_WARN_64_TO_32_BIT_CONVERSION = YES;
				GCC_WARN_ABOUT_RETURN_TYPE = YES_ERROR;
				GCC_WARN_UNDECLARED_SELECTOR = YES;
				GCC_WARN_UNINITIALIZED_AUTOS = YES_AGGRESSIVE;
				GCC_WARN_UNUSED_FUNCTION = YES;
				GCC_WARN_UNUSED_VARIABLE = YES;
				IPHONEOS_DEPLOYMENT_TARGET = 13.2;
				MTL_ENABLE_DEBUG_INFO = INCLUDE_SOURCE;
				MTL_FAST_MATH = YES;
				ONLY_ACTIVE_ARCH = YES;
				SDKROOT = iphoneos;
				SWIFT_ACTIVE_COMPILATION_CONDITIONS = DEBUG;
				SWIFT_OPTIMIZATION_LEVEL = "-Onone";
			};
			name = Debug;
		};
		46F56BC12414994400E79382 /* Release */ = {
			isa = XCBuildConfiguration;
			buildSettings = {
				ALWAYS_SEARCH_USER_PATHS = NO;
				CLANG_ANALYZER_NONNULL = YES;
				CLANG_ANALYZER_NUMBER_OBJECT_CONVERSION = YES_AGGRESSIVE;
				CLANG_CXX_LANGUAGE_STANDARD = "gnu++14";
				CLANG_CXX_LIBRARY = "libc++";
				CLANG_ENABLE_MODULES = YES;
				CLANG_ENABLE_OBJC_ARC = YES;
				CLANG_ENABLE_OBJC_WEAK = YES;
				CLANG_WARN_BLOCK_CAPTURE_AUTORELEASING = YES;
				CLANG_WARN_BOOL_CONVERSION = YES;
				CLANG_WARN_COMMA = YES;
				CLANG_WARN_CONSTANT_CONVERSION = YES;
				CLANG_WARN_DEPRECATED_OBJC_IMPLEMENTATIONS = YES;
				CLANG_WARN_DIRECT_OBJC_ISA_USAGE = YES_ERROR;
				CLANG_WARN_DOCUMENTATION_COMMENTS = YES;
				CLANG_WARN_EMPTY_BODY = YES;
				CLANG_WARN_ENUM_CONVERSION = YES;
				CLANG_WARN_INFINITE_RECURSION = YES;
				CLANG_WARN_INT_CONVERSION = YES;
				CLANG_WARN_NON_LITERAL_NULL_CONVERSION = YES;
				CLANG_WARN_OBJC_IMPLICIT_RETAIN_SELF = YES;
				CLANG_WARN_OBJC_LITERAL_CONVERSION = YES;
				CLANG_WARN_OBJC_ROOT_CLASS = YES_ERROR;
				CLANG_WARN_RANGE_LOOP_ANALYSIS = YES;
				CLANG_WARN_STRICT_PROTOTYPES = YES;
				CLANG_WARN_SUSPICIOUS_MOVE = YES;
				CLANG_WARN_UNGUARDED_AVAILABILITY = YES_AGGRESSIVE;
				CLANG_WARN_UNREACHABLE_CODE = YES;
				CLANG_WARN__DUPLICATE_METHOD_MATCH = YES;
				COPY_PHASE_STRIP = NO;
				DEBUG_INFORMATION_FORMAT = "dwarf-with-dsym";
				ENABLE_NS_ASSERTIONS = NO;
				ENABLE_STRICT_OBJC_MSGSEND = YES;
				GCC_C_LANGUAGE_STANDARD = gnu11;
				GCC_NO_COMMON_BLOCKS = YES;
				GCC_WARN_64_TO_32_BIT_CONVERSION = YES;
				GCC_WARN_ABOUT_RETURN_TYPE = YES_ERROR;
				GCC_WARN_UNDECLARED_SELECTOR = YES;
				GCC_WARN_UNINITIALIZED_AUTOS = YES_AGGRESSIVE;
				GCC_WARN_UNUSED_FUNCTION = YES;
				GCC_WARN_UNUSED_VARIABLE = YES;
				IPHONEOS_DEPLOYMENT_TARGET = 13.2;
				MTL_ENABLE_DEBUG_INFO = NO;
				MTL_FAST_MATH = YES;
				SDKROOT = iphoneos;
				SWIFT_COMPILATION_MODE = wholemodule;
				SWIFT_OPTIMIZATION_LEVEL = "-O";
				VALIDATE_PRODUCT = YES;
			};
			name = Release;
		};
		46F56BC32414994400E79382 /* Debug */ = {
			isa = XCBuildConfiguration;
			buildSettings = {
				ASSETCATALOG_COMPILER_APPICON_NAME = AppIcon;
				CODE_SIGN_ENTITLEMENTS = "Apps Process/Apps Process.entitlements";
				CODE_SIGN_STYLE = Automatic;
				DEVELOPMENT_TEAM = MZ552MTEJZ;
				INFOPLIST_FILE = "Apps Process/Info.plist";
				LD_RUNPATH_SEARCH_PATHS = (
					"$(inherited)",
					"@executable_path/Frameworks",
				);
				PRODUCT_BUNDLE_IDENTIFIER = "com.developItSolutions.Apps-Process";
				PRODUCT_NAME = "$(TARGET_NAME)";
				SWIFT_VERSION = 5.0;
				TARGETED_DEVICE_FAMILY = "1,2";
			};
			name = Debug;
		};
		46F56BC42414994400E79382 /* Release */ = {
			isa = XCBuildConfiguration;
			buildSettings = {
				ASSETCATALOG_COMPILER_APPICON_NAME = AppIcon;
				CODE_SIGN_ENTITLEMENTS = "Apps Process/Apps Process.entitlements";
				CODE_SIGN_STYLE = Automatic;
				DEVELOPMENT_TEAM = MZ552MTEJZ;
				INFOPLIST_FILE = "Apps Process/Info.plist";
				LD_RUNPATH_SEARCH_PATHS = (
					"$(inherited)",
					"@executable_path/Frameworks",
				);
				PRODUCT_BUNDLE_IDENTIFIER = "com.developItSolutions.Apps-Process";
				PRODUCT_NAME = "$(TARGET_NAME)";
				SWIFT_VERSION = 5.0;
				TARGETED_DEVICE_FAMILY = "1,2";
			};
			name = Release;
		};
/* End XCBuildConfiguration section */

/* Begin XCConfigurationList section */
		46F56BA92414994300E79382 /* Build configuration list for PBXProject "Apps Process" */ = {
			isa = XCConfigurationList;
			buildConfigurations = (
				46F56BC02414994400E79382 /* Debug */,
				46F56BC12414994400E79382 /* Release */,
			);
			defaultConfigurationIsVisible = 0;
			defaultConfigurationName = Release;
		};
		46F56BC22414994400E79382 /* Build configuration list for PBXNativeTarget "Apps Process" */ = {
			isa = XCConfigurationList;
			buildConfigurations = (
				46F56BC32414994400E79382 /* Debug */,
				46F56BC42414994400E79382 /* Release */,
			);
			defaultConfigurationIsVisible = 0;
			defaultConfigurationName = Release;
		};
/* End XCConfigurationList section */
	};
	rootObject = 46F56BA62414994300E79382 /* Project object */;
}
